
Microsoft Visual Studio Solution File, Format Version 12.00
# Visual Studio Version 17
VisualStudioVersion = 17.0.31903.59
MinimumVisualStudioVersion = 10.0.40219.1
Project("{FAE04EC0-301F-11D3-BF4B-00C04F79EFBC}") = "AztroWebApplication", "AztroWebApplication\AztroWebApplication.csproj", "{7455C31D-F5C1-4830-95FE-6ED15785A766}"
EndProject
Global
	GlobalSection(SolutionConfigurationPlatforms) = preSolution
		Debug|Any CPU = Debug|Any CPU
		Release|Any CPU = Release|Any CPU
	EndGlobalSection
	GlobalSection(SolutionProperties) = preSolution
		HideSolutionNode = FALSE
	EndGlobalSection
	GlobalSection(ProjectConfigurationPlatforms) = postSolution
		{7455C31D-F5C1-4830-95FE-6ED15785A766}.Debug|Any CPU.ActiveCfg = Debug|Any CPU
		{7455C31D-F5C1-4830-95FE-6ED15785A766}.Debug|Any CPU.Build.0 = Debug|Any CPU
		{7455C31D-F5C1-4830-95FE-6ED15785A766}.Release|Any CPU.ActiveCfg = Release|Any CPU
		{7455C31D-F5C1-4830-95FE-6ED15785A766}.Release|Any CPU.Build.0 = Release|Any CPU
	EndGlobalSection
EndGlobal
